// !$*UTF8*$!
{
	archiveVersion = 1;
	classes = {
	};
	objectVersion = 46;
	objects = {

/* Begin PBXBuildFile section */
		534B37DB1AA9B3ED009DA5F6 /* main.m in Sources */ = {isa = PBXBuildFile; fileRef = 534B37DA1AA9B3ED009DA5F6 /* main.m */; };
		534B37DE1AA9B3ED009DA5F6 /* AppDelegate.m in Sources */ = {isa = PBXBuildFile; fileRef = 534B37DD1AA9B3ED009DA5F6 /* AppDelegate.m */; };
		534B37E11AA9B3ED009DA5F6 /* ViewController.m in Sources */ = {isa = PBXBuildFile; fileRef = 534B37E01AA9B3ED009DA5F6 /* ViewController.m */; };
		534B37E41AA9B3ED009DA5F6 /* Main.storyboard in Resources */ = {isa = PBXBuildFile; fileRef = 534B37E21AA9B3ED009DA5F6 /* Main.storyboard */; };
		534B37E61AA9B3ED009DA5F6 /* Images.xcassets in Resources */ = {isa = PBXBuildFile; fileRef = 534B37E51AA9B3ED009DA5F6 /* Images.xcassets */; };
		534B37E91AA9B3ED009DA5F6 /* LaunchScreen.xib in Resources */ = {isa = PBXBuildFile; fileRef = 534B37E71AA9B3ED009DA5F6 /* LaunchScreen.xib */; };
		534B38041AA9B427009DA5F6 /* SRKComboText.m in Sources */ = {isa = PBXBuildFile; fileRef = 534B38001AA9B427009DA5F6 /* SRKComboText.m */; };
		534B38051AA9B427009DA5F6 /* SRKDateText.m in Sources */ = {isa = PBXBuildFile; fileRef = 534B38031AA9B427009DA5F6 /* SRKDateText.m */; };
/* End PBXBuildFile section */

/* Begin PBXFileReference section */
		534B37D51AA9B3ED009DA5F6 /* SRKControlsDemo.app */ = {isa = PBXFileReference; explicitFileType = wrapper.application; includeInIndex = 0; path = SRKControlsDemo.app; sourceTree = BUILT_PRODUCTS_DIR; };
		534B37D91AA9B3ED009DA5F6 /* Info.plist */ = {isa = PBXFileReference; lastKnownFileType = text.plist.xml; path = Info.plist; sourceTree = "<group>"; };
		534B37DA1AA9B3ED009DA5F6 /* main.m */ = {isa = PBXFileReference; lastKnownFileType = sourcecode.c.objc; path = main.m; sourceTree = "<group>"; };
		534B37DC1AA9B3ED009DA5F6 /* AppDelegate.h */ = {isa = PBXFileReference; lastKnownFileType = sourcecode.c.h; path = AppDelegate.h; sourceTree = "<group>"; };
		534B37DD1AA9B3ED009DA5F6 /* AppDelegate.m */ = {isa = PBXFileReference; lastKnownFileType = sourcecode.c.objc; path = AppDelegate.m; sourceTree = "<group>"; };
		534B37DF1AA9B3ED009DA5F6 /* ViewController.h */ = {isa = PBXFileReference; lastKnownFileType = sourcecode.c.h; path = ViewController.h; sourceTree = "<group>"; };
		534B37E01AA9B3ED009DA5F6 /* ViewController.m */ = {isa = PBXFileReference; lastKnownFileType = sourcecode.c.objc; path = ViewController.m; sourceTree = "<group>"; };
		534B37E31AA9B3ED009DA5F6 /* Base */ = {isa = PBXFileReference; lastKnownFileType = file.storyboard; name = Base; path = Base.lproj/Main.storyboard; sourceTree = "<group>"; };
		534B37E51AA9B3ED009DA5F6 /* Images.xcassets */ = {isa = PBXFileReference; lastKnownFileType = folder.assetcatalog; path = Images.xcassets; sourceTree = "<group>"; };
		534B37E81AA9B3ED009DA5F6 /* Base */ = {isa = PBXFileReference; lastKnownFileType = file.xib; name = Base; path = Base.lproj/LaunchScreen.xib; sourceTree = "<group>"; };
		534B37FF1AA9B427009DA5F6 /* SRKComboText.h */ = {isa = PBXFileReference; fileEncoding = 4; lastKnownFileType = sourcecode.c.h; path = SRKComboText.h; sourceTree = "<group>"; };
		534B38001AA9B427009DA5F6 /* SRKComboText.m */ = {isa = PBXFileReference; fileEncoding = 4; lastKnownFileType = sourcecode.c.objc; path = SRKComboText.m; sourceTree = "<group>"; };
		534B38011AA9B427009DA5F6 /* SRKControls.h */ = {isa = PBXFileReference; fileEncoding = 4; lastKnownFileType = sourcecode.c.h; path = SRKControls.h; sourceTree = "<group>"; };
		534B38021AA9B427009DA5F6 /* SRKDateText.h */ = {isa = PBXFileReference; fileEncoding = 4; lastKnownFileType = sourcecode.c.h; path = SRKDateText.h; sourceTree = "<group>"; };
		534B38031AA9B427009DA5F6 /* SRKDateText.m */ = {isa = PBXFileReference; fileEncoding = 4; lastKnownFileType = sourcecode.c.objc; path = SRKDateText.m; sourceTree = "<group>"; };
/* End PBXFileReference section */

/* Begin PBXFrameworksBuildPhase section */
		534B37D21AA9B3ED009DA5F6 /* Frameworks */ = {
			isa = PBXFrameworksBuildPhase;
			buildActionMask = 2147483647;
			files = (
			);
			runOnlyForDeploymentPostprocessing = 0;
		};
/* End PBXFrameworksBuildPhase section */

/* Begin PBXGroup section */
		534B37CC1AA9B3ED009DA5F6 = {
			isa = PBXGroup;
			children = (
				534B37FE1AA9B427009DA5F6 /* SRKControls */,
				534B37D71AA9B3ED009DA5F6 /* SRKControlsDemo */,
				534B37D61AA9B3ED009DA5F6 /* Products */,
			);
			sourceTree = "<group>";
		};
		534B37D61AA9B3ED009DA5F6 /* Products */ = {
			isa = PBXGroup;
			children = (
				534B37D51AA9B3ED009DA5F6 /* SRKControlsDemo.app */,
			);
			name = Products;
			sourceTree = "<group>";
		};
		534B37D71AA9B3ED009DA5F6 /* SRKControlsDemo */ = {
			isa = PBXGroup;
			children = (
				534B37DC1AA9B3ED009DA5F6 /* AppDelegate.h */,
				534B37DD1AA9B3ED009DA5F6 /* AppDelegate.m */,
				534B37DF1AA9B3ED009DA5F6 /* ViewController.h */,
				534B37E01AA9B3ED009DA5F6 /* ViewController.m */,
				534B37E21AA9B3ED009DA5F6 /* Main.storyboard */,
				534B37E51AA9B3ED009DA5F6 /* Images.xcassets */,
				534B37E71AA9B3ED009DA5F6 /* LaunchScreen.xib */,
				534B37D81AA9B3ED009DA5F6 /* Supporting Files */,
			);
			path = SRKControlsDemo;
			sourceTree = "<group>";
		};
		534B37D81AA9B3ED009DA5F6 /* Supporting Files */ = {
			isa = PBXGroup;
			children = (
				534B37D91AA9B3ED009DA5F6 /* Info.plist */,
				534B37DA1AA9B3ED009DA5F6 /* main.m */,
			);
			name = "Supporting Files";
			sourceTree = "<group>";
		};
		534B37FE1AA9B427009DA5F6 /* SRKControls */ = {
			isa = PBXGroup;
			children = (
				534B37FF1AA9B427009DA5F6 /* SRKComboText.h */,
				534B38001AA9B427009DA5F6 /* SRKComboText.m */,
				534B38011AA9B427009DA5F6 /* SRKControls.h */,
				534B38021AA9B427009DA5F6 /* SRKDateText.h */,
				534B38031AA9B427009DA5F6 /* SRKDateText.m */,
			);
			path = SRKControls;
			sourceTree = "<group>";
		};
/* End PBXGroup section */

/* Begin PBXNativeTarget section */
		534B37D41AA9B3ED009DA5F6 /* SRKControlsDemo */ = {
			isa = PBXNativeTarget;
			buildConfigurationList = 534B37F81AA9B3ED009DA5F6 /* Build configuration list for PBXNativeTarget "SRKControlsDemo" */;
			buildPhases = (
				534B37D11AA9B3ED009DA5F6 /* Sources */,
				534B37D21AA9B3ED009DA5F6 /* Frameworks */,
				534B37D31AA9B3ED009DA5F6 /* Resources */,
			);
			buildRules = (
			);
			dependencies = (
			);
			name = SRKControlsDemo;
			productName = SRKControlsDemo;
			productReference = 534B37D51AA9B3ED009DA5F6 /* SRKControlsDemo.app */;
			productType = "com.apple.product-type.application";
		};
/* End PBXNativeTarget section */

/* Begin PBXProject section */
		534B37CD1AA9B3ED009DA5F6 /* Project object */ = {
			isa = PBXProject;
			attributes = {
				LastUpgradeCheck = 0610;
				ORGANIZATIONNAME = sagarrkothari;
				TargetAttributes = {
					534B37D41AA9B3ED009DA5F6 = {
						CreatedOnToolsVersion = 6.1.1;
					};
				};
			};
			buildConfigurationList = 534B37D01AA9B3ED009DA5F6 /* Build configuration list for PBXProject "SRKControlsDemo" */;
			compatibilityVersion = "Xcode 3.2";
			developmentRegion = English;
			hasScannedForEncodings = 0;
			knownRegions = (
				en,
				Base,
			);
			mainGroup = 534B37CC1AA9B3ED009DA5F6;
			productRefGroup = 534B37D61AA9B3ED009DA5F6 /* Products */;
			projectDirPath = "";
			projectRoot = "";
			targets = (
				534B37D41AA9B3ED009DA5F6 /* SRKControlsDemo */,
			);
		};
/* End PBXProject section */

/* Begin PBXResourcesBuildPhase section */
		534B37D31AA9B3ED009DA5F6 /* Resources */ = {
			isa = PBXResourcesBuildPhase;
			buildActionMask = 2147483647;
			files = (
				534B37E41AA9B3ED009DA5F6 /* Main.storyboard in Resources */,
				534B37E91AA9B3ED009DA5F6 /* LaunchScreen.xib in Resources */,
				534B37E61AA9B3ED009DA5F6 /* Images.xcassets in Resources */,
			);
			runOnlyForDeploymentPostprocessing = 0;
		};
/* End PBXResourcesBuildPhase section */

/* Begin PBXSourcesBuildPhase section */
		534B37D11AA9B3ED009DA5F6 /* Sources */ = {
			isa = PBXSourcesBuildPhase;
			buildActionMask = 2147483647;
			files = (
				534B37E11AA9B3ED009DA5F6 /* ViewController.m in Sources */,
				534B37DE1AA9B3ED009DA5F6 /* AppDelegate.m in Sources */,
				534B38041AA9B427009DA5F6 /* SRKComboText.m in Sources */,
				534B37DB1AA9B3ED009DA5F6 /* main.m in Sources */,
				534B38051AA9B427009DA5F6 /* SRKDateText.m in Sources */,
			);
			runOnlyForDeploymentPostprocessing = 0;
		};
/* End PBXSourcesBuildPhase section */

/* Begin PBXVariantGroup section */
		534B37E21AA9B3ED009DA5F6 /* Main.storyboard */ = {
			isa = PBXVariantGroup;
			children = (
				534B37E31AA9B3ED009DA5F6 /* Base */,
			);
			name = Main.storyboard;
			sourceTree = "<group>";
		};
		534B37E71AA9B3ED009DA5F6 /* LaunchScreen.xib */ = {
			isa = PBXVariantGroup;
			children = (
				534B37E81AA9B3ED009DA5F6 /* Base */,
			);
			name = LaunchScreen.xib;
			sourceTree = "<group>";
		};
/* End PBXVariantGroup section */

/* Begin XCBuildConfiguration section */
		534B37F61AA9B3ED009DA5F6 /* Debug */ = {
			isa = XCBuildConfiguration;
			buildSettings = {
				ALWAYS_SEARCH_USER_PATHS = NO;
				CLANG_CXX_LANGUAGE_STANDARD = "gnu++0x";
				CLANG_CXX_LIBRARY = "libc++";
				CLANG_ENABLE_MODULES = YES;
				CLANG_ENABLE_OBJC_ARC = YES;
				CLANG_WARN_BOOL_CONVERSION = YES;
				CLANG_WARN_CONSTANT_CONVERSION = YES;
				CLANG_WARN_DIRECT_OBJC_ISA_USAGE = YES_ERROR;
				CLANG_WARN_EMPTY_BODY = YES;
				CLANG_WARN_ENUM_CONVERSION = YES;
				CLANG_WARN_INT_CONVERSION = YES;
				CLANG_WARN_OBJC_ROOT_CLASS = YES_ERROR;
				CLANG_WARN_UNREACHABLE_CODE = YES;
				CLANG_WARN__DUPLICATE_METHOD_MATCH = YES;
				"CODE_SIGN_IDENTITY[sdk=iphoneos*]" = "iPhone Developer";
				COPY_PHASE_STRIP = NO;
				ENABLE_STRICT_OBJC_MSGSEND = YES;
				GCC_C_LANGUAGE_STANDARD = gnu99;
				GCC_DYNAMIC_NO_PIC = NO;
				GCC_OPTIMIZATION_LEVEL = 0;
				GCC_PREPROCESSOR_DEFINITIONS = (
					"DEBUG=1",
					"$(inherited)",
				);
				GCC_SYMBOLS_PRIVATE_EXTERN = NO;
				GCC_WARN_64_TO_32_BIT_CONVERSION = YES;
				GCC_WARN_ABOUT_RETURN_TYPE = YES_ERROR;
				GCC_WARN_UNDECLARED_SELECTOR = YES;
				GCC_WARN_UNINITIALIZED_AUTOS = YES_AGGRESSIVE;
				GCC_WARN_UNUSED_FUNCTION = YES;
				GCC_WARN_UNUSED_VARIABLE = YES;
				IPHONEOS_DEPLOYMENT_TARGET = 8.1;
				MTL_ENABLE_DEBUG_INFO = YES;
				ONLY_ACTIVE_ARCH = YES;
				SDKROOT = iphoneos;
			};
			name = Debug;
		};
		534B37F71AA9B3ED009DA5F6 /* Release */ = {
			isa = XCBuildConfiguration;
			buildSettings = {
				ALWAYS_SEARCH_USER_PATHS = NO;
				CLANG_CXX_LANGUAGE_STANDARD = "gnu++0x";
				CLANG_CXX_LIBRARY = "libc++";
				CLANG_ENABLE_MODULES = YES;
				CLANG_ENABLE_OBJC_ARC = YES;
				CLANG_WARN_BOOL_CONVERSION = YES;
				CLANG_WARN_CONSTANT_CONVERSION = YES;
				CLANG_WARN_DIRECT_OBJC_ISA_USAGE = YES_ERROR;
				CLANG_WARN_EMPTY_BODY = YES;
				CLANG_WARN_ENUM_CONVERSION = YES;
				CLANG_WARN_INT_CONVERSION = YES;
				CLANG_WARN_OBJC_ROOT_CLASS = YES_ERROR;
				CLANG_WARN_UNREACHABLE_CODE = YES;
				CLANG_WARN__DUPLICATE_METHOD_MATCH = YES;
				"CODE_SIGN_IDENTITY[sdk=iphoneos*]" = "iPhone Developer";
				COPY_PHASE_STRIP = YES;
				ENABLE_NS_ASSERTIONS = NO;
				ENABLE_STRICT_OBJC_MSGSEND = YES;
				GCC_C_LANGUAGE_STANDARD = gnu99;
				GCC_WARN_64_TO_32_BIT_CONVERSION = YES;
				GCC_WARN_ABOUT_RETURN_TYPE = YES_ERROR;
				GCC_WARN_UNDECLARED_SELECTOR = YES;
				GCC_WARN_UNINITIALIZED_AUTOS = YES_AGGRESSIVE;
				GCC_WARN_UNUSED_FUNCTION = YES;
				GCC_WARN_UNUSED_VARIABLE = YES;
				IPHONEOS_DEPLOYMENT_TARGET = 8.1;
				MTL_ENABLE_DEBUG_INFO = NO;
				SDKROOT = iphoneos;
				VALIDATE_PRODUCT = YES;
			};
			name = Release;
		};
		534B37F91AA9B3ED009DA5F6 /* Debug */ = {
			isa = XCBuildConfiguration;
			buildSettings = {
				ASSETCATALOG_COMPILER_APPICON_NAME = AppIcon;
				INFOPLIST_FILE = SRKControlsDemo/Info.plist;
				LD_RUNPATH_SEARCH_PATHS = "$(inherited) @executable_path/Frameworks";
				PRODUCT_NAME = "$(TARGET_NAME)";
			};
			name = Debug;
		};
		534B37FA1AA9B3ED009DA5F6 /* Release */ = {
			isa = XCBuildConfiguration;
			buildSettings = {
				ASSETCATALOG_COMPILER_APPICON_NAME = AppIcon;
				INFOPLIST_FILE = SRKControlsDemo/Info.plist;
				LD_RUNPATH_SEARCH_PATHS = "$(inherited) @executable_path/Frameworks";
				PRODUCT_NAME = "$(TARGET_NAME)";
			};
			name = Release;
		};
/* End XCBuildConfiguration section */

/* Begin XCConfigurationList section */
		534B37D01AA9B3ED009DA5F6 /* Build configuration list for PBXProject "SRKControlsDemo" */ = {
			isa = XCConfigurationList;
			buildConfigurations = (
				534B37F61AA9B3ED009DA5F6 /* Debug */,
				534B37F71AA9B3ED009DA5F6 /* Release */,
			);
			defaultConfigurationIsVisible = 0;
			defaultConfigurationName = Release;
		};
		534B37F81AA9B3ED009DA5F6 /* Build configuration list for PBXNativeTarget "SRKControlsDemo" */ = {
			isa = XCConfigurationList;
			buildConfigurations = (
				534B37F91AA9B3ED009DA5F6 /* Debug */,
				534B37FA1AA9B3ED009DA5F6 /* Release */,
			);
			defaultConfigurationIsVisible = 0;
		};
/* End XCConfigurationList section */
	};
	rootObject = 534B37CD1AA9B3ED009DA5F6 /* Project object */;
}
