// !$*UTF8*$!
{
	archiveVersion = 1;
	classes = {
	};
	objectVersion = 46;
	objects = {

/* Begin PBXBuildFile section */
		1B61FA761D8AE9E100C294A0 /* ComboBoxVCtr.swift in Sources */ = {isa = PBXBuildFile; fileRef = 1B61FA701D8AE9E100C294A0 /* ComboBoxVCtr.swift */; };
		1B61FA771D8AE9E100C294A0 /* ComboBoxVCtr.xib in Resources */ = {isa = PBXBuildFile; fileRef = 1B61FA711D8AE9E100C294A0 /* ComboBoxVCtr.xib */; };
		1B61FA781D8AE9E100C294A0 /* CustomComboBoxVCtr.swift in Sources */ = {isa = PBXBuildFile; fileRef = 1B61FA721D8AE9E100C294A0 /* CustomComboBoxVCtr.swift */; };
		1B61FA791D8AE9E100C294A0 /* CustomComboBoxVCtr.xib in Resources */ = {isa = PBXBuildFile; fileRef = 1B61FA731D8AE9E100C294A0 /* CustomComboBoxVCtr.xib */; };
		1B61FA7A1D8AE9E100C294A0 /* DateTimeBoxVCtr.swift in Sources */ = {isa = PBXBuildFile; fileRef = 1B61FA741D8AE9E100C294A0 /* DateTimeBoxVCtr.swift */; };
		1B61FA7B1D8AE9E100C294A0 /* DateTimeBoxVCtr.xib in Resources */ = {isa = PBXBuildFile; fileRef = 1B61FA751D8AE9E100C294A0 /* DateTimeBoxVCtr.xib */; };
		1BFB261B1C2584A80000892C /* AppDelegate.swift in Sources */ = {isa = PBXBuildFile; fileRef = 1BFB261A1C2584A80000892C /* AppDelegate.swift */; };
		1BFB261D1C2584A80000892C /* ViewController.swift in Sources */ = {isa = PBXBuildFile; fileRef = 1BFB261C1C2584A80000892C /* ViewController.swift */; };
		1BFB26201C2584A80000892C /* Main.storyboard in Resources */ = {isa = PBXBuildFile; fileRef = 1BFB261E1C2584A80000892C /* Main.storyboard */; };
		1BFB26221C2584A80000892C /* Assets.xcassets in Resources */ = {isa = PBXBuildFile; fileRef = 1BFB26211C2584A80000892C /* Assets.xcassets */; };
		1BFB26251C2584A80000892C /* LaunchScreen.storyboard in Resources */ = {isa = PBXBuildFile; fileRef = 1BFB26231C2584A80000892C /* LaunchScreen.storyboard */; };
/* End PBXBuildFile section */

/* Begin PBXFileReference section */
		1B61FA701D8AE9E100C294A0 /* ComboBoxVCtr.swift */ = {isa = PBXFileReference; fileEncoding = 4; lastKnownFileType = sourcecode.swift; path = ComboBoxVCtr.swift; sourceTree = "<group>"; };
		1B61FA711D8AE9E100C294A0 /* ComboBoxVCtr.xib */ = {isa = PBXFileReference; fileEncoding = 4; lastKnownFileType = file.xib; path = ComboBoxVCtr.xib; sourceTree = "<group>"; };
		1B61FA721D8AE9E100C294A0 /* CustomComboBoxVCtr.swift */ = {isa = PBXFileReference; fileEncoding = 4; lastKnownFileType = sourcecode.swift; path = CustomComboBoxVCtr.swift; sourceTree = "<group>"; };
		1B61FA731D8AE9E100C294A0 /* CustomComboBoxVCtr.xib */ = {isa = PBXFileReference; fileEncoding = 4; lastKnownFileType = file.xib; path = CustomComboBoxVCtr.xib; sourceTree = "<group>"; };
		1B61FA741D8AE9E100C294A0 /* DateTimeBoxVCtr.swift */ = {isa = PBXFileReference; fileEncoding = 4; lastKnownFileType = sourcecode.swift; path = DateTimeBoxVCtr.swift; sourceTree = "<group>"; };
		1B61FA751D8AE9E100C294A0 /* DateTimeBoxVCtr.xib */ = {isa = PBXFileReference; fileEncoding = 4; lastKnownFileType = file.xib; path = DateTimeBoxVCtr.xib; sourceTree = "<group>"; };
		1BFB26171C2584A80000892C /* Example.app */ = {isa = PBXFileReference; explicitFileType = wrapper.application; includeInIndex = 0; path = Example.app; sourceTree = BUILT_PRODUCTS_DIR; };
		1BFB261A1C2584A80000892C /* AppDelegate.swift */ = {isa = PBXFileReference; lastKnownFileType = sourcecode.swift; path = AppDelegate.swift; sourceTree = "<group>"; };
		1BFB261C1C2584A80000892C /* ViewController.swift */ = {isa = PBXFileReference; lastKnownFileType = sourcecode.swift; path = ViewController.swift; sourceTree = "<group>"; };
		1BFB261F1C2584A80000892C /* Base */ = {isa = PBXFileReference; lastKnownFileType = file.storyboard; name = Base; path = Base.lproj/Main.storyboard; sourceTree = "<group>"; };
		1BFB26211C2584A80000892C /* Assets.xcassets */ = {isa = PBXFileReference; lastKnownFileType = folder.assetcatalog; path = Assets.xcassets; sourceTree = "<group>"; };
		1BFB26241C2584A80000892C /* Base */ = {isa = PBXFileReference; lastKnownFileType = file.storyboard; name = Base; path = Base.lproj/LaunchScreen.storyboard; sourceTree = "<group>"; };
		1BFB26261C2584A80000892C /* Info.plist */ = {isa = PBXFileReference; lastKnownFileType = text.plist.xml; path = Info.plist; sourceTree = "<group>"; };
/* End PBXFileReference section */

/* Begin PBXFrameworksBuildPhase section */
		1BFB26141C2584A80000892C /* Frameworks */ = {
			isa = PBXFrameworksBuildPhase;
			buildActionMask = 2147483647;
			files = (
			);
			runOnlyForDeploymentPostprocessing = 0;
		};
/* End PBXFrameworksBuildPhase section */

/* Begin PBXGroup section */
		1B61FA6F1D8AE9E100C294A0 /* SRKControls */ = {
			isa = PBXGroup;
			children = (
				1B61FA701D8AE9E100C294A0 /* ComboBoxVCtr.swift */,
				1B61FA711D8AE9E100C294A0 /* ComboBoxVCtr.xib */,
				1B61FA721D8AE9E100C294A0 /* CustomComboBoxVCtr.swift */,
				1B61FA731D8AE9E100C294A0 /* CustomComboBoxVCtr.xib */,
				1B61FA741D8AE9E100C294A0 /* DateTimeBoxVCtr.swift */,
				1B61FA751D8AE9E100C294A0 /* DateTimeBoxVCtr.xib */,
			);
			name = SRKControls;
			path = ../../SRKControls;
			sourceTree = "<group>";
		};
		1BFB260E1C2584A80000892C = {
			isa = PBXGroup;
			children = (
				1BFB26191C2584A80000892C /* Example */,
				1BFB26181C2584A80000892C /* Products */,
			);
			sourceTree = "<group>";
		};
		1BFB26181C2584A80000892C /* Products */ = {
			isa = PBXGroup;
			children = (
				1BFB26171C2584A80000892C /* Example.app */,
			);
			name = Products;
			sourceTree = "<group>";
		};
		1BFB26191C2584A80000892C /* Example */ = {
			isa = PBXGroup;
			children = (
				1BFB261A1C2584A80000892C /* AppDelegate.swift */,
				1BFB261C1C2584A80000892C /* ViewController.swift */,
				1B61FA6F1D8AE9E100C294A0 /* SRKControls */,
				1BFB261E1C2584A80000892C /* Main.storyboard */,
				1BFB26211C2584A80000892C /* Assets.xcassets */,
				1BFB26231C2584A80000892C /* LaunchScreen.storyboard */,
				1BFB26261C2584A80000892C /* Info.plist */,
			);
			path = Example;
			sourceTree = "<group>";
		};
/* End PBXGroup section */

/* Begin PBXNativeTarget section */
		1BFB26161C2584A80000892C /* Example */ = {
			isa = PBXNativeTarget;
			buildConfigurationList = 1BFB26291C2584A80000892C /* Build configuration list for PBXNativeTarget "Example" */;
			buildPhases = (
				1BFB26131C2584A80000892C /* Sources */,
				1BFB26141C2584A80000892C /* Frameworks */,
				1BFB26151C2584A80000892C /* Resources */,
				4C71B5A0AFAE885E7BCF5441 /* Tailor */,
			);
			buildRules = (
			);
			dependencies = (
			);
			name = Example;
			productName = Example;
			productReference = 1BFB26171C2584A80000892C /* Example.app */;
			productType = "com.apple.product-type.application";
		};
/* End PBXNativeTarget section */

/* Begin PBXProject section */
		1BFB260F1C2584A80000892C /* Project object */ = {
			isa = PBXProject;
			attributes = {
				LastSwiftUpdateCheck = 0720;
				LastUpgradeCheck = 0720;
				ORGANIZATIONNAME = "Sagar R. Kothari";
				TargetAttributes = {
					1BFB26161C2584A80000892C = {
						CreatedOnToolsVersion = 7.2;
						LastSwiftMigration = 0800;
					};
				};
			};
			buildConfigurationList = 1BFB26121C2584A80000892C /* Build configuration list for PBXProject "Example" */;
			compatibilityVersion = "Xcode 3.2";
			developmentRegion = English;
			hasScannedForEncodings = 0;
			knownRegions = (
				en,
				Base,
			);
			mainGroup = 1BFB260E1C2584A80000892C;
			productRefGroup = 1BFB26181C2584A80000892C /* Products */;
			projectDirPath = "";
			projectRoot = "";
			targets = (
				1BFB26161C2584A80000892C /* Example */,
			);
		};
/* End PBXProject section */

/* Begin PBXResourcesBuildPhase section */
		1BFB26151C2584A80000892C /* Resources */ = {
			isa = PBXResourcesBuildPhase;
			buildActionMask = 2147483647;
			files = (
				1BFB26251C2584A80000892C /* LaunchScreen.storyboard in Resources */,
				1B61FA791D8AE9E100C294A0 /* CustomComboBoxVCtr.xib in Resources */,
				1B61FA771D8AE9E100C294A0 /* ComboBoxVCtr.xib in Resources */,
				1BFB26221C2584A80000892C /* Assets.xcassets in Resources */,
				1BFB26201C2584A80000892C /* Main.storyboard in Resources */,
				1B61FA7B1D8AE9E100C294A0 /* DateTimeBoxVCtr.xib in Resources */,
			);
			runOnlyForDeploymentPostprocessing = 0;
		};
/* End PBXResourcesBuildPhase section */

/* Begin PBXShellScriptBuildPhase section */
		4C71B5A0AFAE885E7BCF5441 /* Tailor */ = {
			isa = PBXShellScriptBuildPhase;
			buildActionMask = 2147483647;
			files = (
			);
			inputPaths = (
			);
			name = Tailor;
			outputPaths = (
			);
			runOnlyForDeploymentPostprocessing = 0;
			shellPath = /bin/sh;
			shellScript = "if hash tailor 2>/dev/null; then\n  tailor\nelse\n  echo \"warning: Please install Tailor from https://tailor.sh\"\nfi";
		};
/* End PBXShellScriptBuildPhase section */

/* Begin PBXSourcesBuildPhase section */
		1BFB26131C2584A80000892C /* Sources */ = {
			isa = PBXSourcesBuildPhase;
			buildActionMask = 2147483647;
			files = (
				1BFB261D1C2584A80000892C /* ViewController.swift in Sources */,
				1B61FA761D8AE9E100C294A0 /* ComboBoxVCtr.swift in Sources */,
				1B61FA7A1D8AE9E100C294A0 /* DateTimeBoxVCtr.swift in Sources */,
				1B61FA781D8AE9E100C294A0 /* CustomComboBoxVCtr.swift in Sources */,
				1BFB261B1C2584A80000892C /* AppDelegate.swift in Sources */,
			);
			runOnlyForDeploymentPostprocessing = 0;
		};
/* End PBXSourcesBuildPhase section */

/* Begin PBXVariantGroup section */
		1BFB261E1C2584A80000892C /* Main.storyboard */ = {
			isa = PBXVariantGroup;
			children = (
				1BFB261F1C2584A80000892C /* Base */,
			);
			name = Main.storyboard;
			sourceTree = "<group>";
		};
		1BFB26231C2584A80000892C /* LaunchScreen.storyboard */ = {
			isa = PBXVariantGroup;
			children = (
				1BFB26241C2584A80000892C /* Base */,
			);
			name = LaunchScreen.storyboard;
			sourceTree = "<group>";
		};
/* End PBXVariantGroup section */

/* Begin XCBuildConfiguration section */
		1BFB26271C2584A80000892C /* Debug */ = {
			isa = XCBuildConfiguration;
			buildSettings = {
				ALWAYS_SEARCH_USER_PATHS = NO;
				CLANG_CXX_LANGUAGE_STANDARD = "gnu++0x";
				CLANG_CXX_LIBRARY = "libc++";
				CLANG_ENABLE_MODULES = YES;
				CLANG_ENABLE_OBJC_ARC = YES;
				CLANG_WARN_BOOL_CONVERSION = YES;
				CLANG_WARN_CONSTANT_CONVERSION = YES;
				CLANG_WARN_DIRECT_OBJC_ISA_USAGE = YES_ERROR;
				CLANG_WARN_EMPTY_BODY = YES;
				CLANG_WARN_ENUM_CONVERSION = YES;
				CLANG_WARN_INT_CONVERSION = YES;
				CLANG_WARN_OBJC_ROOT_CLASS = YES_ERROR;
				CLANG_WARN_UNREACHABLE_CODE = YES;
				CLANG_WARN__DUPLICATE_METHOD_MATCH = YES;
				"CODE_SIGN_IDENTITY[sdk=iphoneos*]" = "iPhone Developer";
				COPY_PHASE_STRIP = NO;
				DEBUG_INFORMATION_FORMAT = dwarf;
				ENABLE_STRICT_OBJC_MSGSEND = YES;
				ENABLE_TESTABILITY = YES;
				GCC_C_LANGUAGE_STANDARD = gnu99;
				GCC_DYNAMIC_NO_PIC = NO;
				GCC_NO_COMMON_BLOCKS = YES;
				GCC_OPTIMIZATION_LEVEL = 0;
				GCC_PREPROCESSOR_DEFINITIONS = (
					"DEBUG=1",
					"$(inherited)",
				);
				GCC_WARN_64_TO_32_BIT_CONVERSION = YES;
				GCC_WARN_ABOUT_RETURN_TYPE = YES_ERROR;
				GCC_WARN_UNDECLARED_SELECTOR = YES;
				GCC_WARN_UNINITIALIZED_AUTOS = YES_AGGRESSIVE;
				GCC_WARN_UNUSED_FUNCTION = YES;
				GCC_WARN_UNUSED_VARIABLE = YES;
				IPHONEOS_DEPLOYMENT_TARGET = 9.2;
				MTL_ENABLE_DEBUG_INFO = YES;
				ONLY_ACTIVE_ARCH = YES;
				SDKROOT = iphoneos;
				SWIFT_OPTIMIZATION_LEVEL = "-Onone";
				TARGETED_DEVICE_FAMILY = "1,2";
			};
			name = Debug;
		};
		1BFB26281C2584A80000892C /* Release */ = {
			isa = XCBuildConfiguration;
			buildSettings = {
				ALWAYS_SEARCH_USER_PATHS = NO;
				CLANG_CXX_LANGUAGE_STANDARD = "gnu++0x";
				CLANG_CXX_LIBRARY = "libc++";
				CLANG_ENABLE_MODULES = YES;
				CLANG_ENABLE_OBJC_ARC = YES;
				CLANG_WARN_BOOL_CONVERSION = YES;
				CLANG_WARN_CONSTANT_CONVERSION = YES;
				CLANG_WARN_DIRECT_OBJC_ISA_USAGE = YES_ERROR;
				CLANG_WARN_EMPTY_BODY = YES;
				CLANG_WARN_ENUM_CONVERSION = YES;
				CLANG_WARN_INT_CONVERSION = YES;
				CLANG_WARN_OBJC_ROOT_CLASS = YES_ERROR;
				CLANG_WARN_UNREACHABLE_CODE = YES;
				CLANG_WARN__DUPLICATE_METHOD_MATCH = YES;
				"CODE_SIGN_IDENTITY[sdk=iphoneos*]" = "iPhone Developer";
				COPY_PHASE_STRIP = NO;
				DEBUG_INFORMATION_FORMAT = "dwarf-with-dsym";
				ENABLE_NS_ASSERTIONS = NO;
				ENABLE_STRICT_OBJC_MSGSEND = YES;
				GCC_C_LANGUAGE_STANDARD = gnu99;
				GCC_NO_COMMON_BLOCKS = YES;
				GCC_WARN_64_TO_32_BIT_CONVERSION = YES;
				GCC_WARN_ABOUT_RETURN_TYPE = YES_ERROR;
				GCC_WARN_UNDECLARED_SELECTOR = YES;
				GCC_WARN_UNINITIALIZED_AUTOS = YES_AGGRESSIVE;
				GCC_WARN_UNUSED_FUNCTION = YES;
				GCC_WARN_UNUSED_VARIABLE = YES;
				IPHONEOS_DEPLOYMENT_TARGET = 9.2;
				MTL_ENABLE_DEBUG_INFO = NO;
				SDKROOT = iphoneos;
				TARGETED_DEVICE_FAMILY = "1,2";
				VALIDATE_PRODUCT = YES;
			};
			name = Release;
		};
		1BFB262A1C2584A80000892C /* Debug */ = {
			isa = XCBuildConfiguration;
			buildSettings = {
				ASSETCATALOG_COMPILER_APPICON_NAME = AppIcon;
				INFOPLIST_FILE = Example/Info.plist;
				LD_RUNPATH_SEARCH_PATHS = "$(inherited) @executable_path/Frameworks";
				PRODUCT_BUNDLE_IDENTIFIER = com.sagarrkothari.Example;
				PRODUCT_NAME = "$(TARGET_NAME)";
				SWIFT_VERSION = 3.0;
			};
			name = Debug;
		};
		1BFB262B1C2584A80000892C /* Release */ = {
			isa = XCBuildConfiguration;
			buildSettings = {
				ASSETCATALOG_COMPILER_APPICON_NAME = AppIcon;
				INFOPLIST_FILE = Example/Info.plist;
				LD_RUNPATH_SEARCH_PATHS = "$(inherited) @executable_path/Frameworks";
				PRODUCT_BUNDLE_IDENTIFIER = com.sagarrkothari.Example;
				PRODUCT_NAME = "$(TARGET_NAME)";
				SWIFT_VERSION = 3.0;
			};
			name = Release;
		};
/* End XCBuildConfiguration section */

/* Begin XCConfigurationList section */
		1BFB26121C2584A80000892C /* Build configuration list for PBXProject "Example" */ = {
			isa = XCConfigurationList;
			buildConfigurations = (
				1BFB26271C2584A80000892C /* Debug */,
				1BFB26281C2584A80000892C /* Release */,
			);
			defaultConfigurationIsVisible = 0;
			defaultConfigurationName = Release;
		};
		1BFB26291C2584A80000892C /* Build configuration list for PBXNativeTarget "Example" */ = {
			isa = XCConfigurationList;
			buildConfigurations = (
				1BFB262A1C2584A80000892C /* Debug */,
				1BFB262B1C2584A80000892C /* Release */,
			);
			defaultConfigurationIsVisible = 0;
			defaultConfigurationName = Release;
		};
/* End XCConfigurationList section */
	};
	rootObject = 1BFB260F1C2584A80000892C /* Project object */;
}
